{
  "name": "uiframework",
  "version": "1.0.0",
  "lockfileVersion": 2,
  "requires": true,
  "packages": {
    "": {
      "name": "uiframework",
      "version": "1.0.0",
      "license": "ISC",
      "dependencies": {
        "moduloapi": "^1.0.1"
      }
    },
    "node_modules/moduloapi": {
      "version": "1.0.1",
      "resolved": "https://registry.npmjs.org/moduloapi/-/moduloapi-1.0.1.tgz",
      "integrity": "sha512-KGEnHj5BtfkSKcTKIj/La/ok/EdFC7wI/rKbKjwcsQwtfuMC48nPPMJDNwBHb6zog0sXTCe0t4nNr6F3dgLPxg=="
    }
  },
  "dependencies": {
    "moduloapi": {
      "version": "1.0.1",
      "resolved": "https://registry.npmjs.org/moduloapi/-/moduloapi-1.0.1.tgz",
      "integrity": "sha512-KGEnHj5BtfkSKcTKIj/La/ok/EdFC7wI/rKbKjwcsQwtfuMC48nPPMJDNwBHb6zog0sXTCe0t4nNr6F3dgLPxg=="
    }
  }
}
